
Microsoft Visual Studio Solution File, Format Version 12.00
# Visual Studio Version 16
VisualStudioVersion = 16.0.30907.101
MinimumVisualStudioVersion = 10.0.40219.1
Project("{FAE04EC0-301F-11D3-BF4B-00C04F79EFBC}") = "MessageService", "MessageService\MessageService.csproj", "{6CA9275E-C707-48A5-B2DA-46DC0181E81B}"
EndProject
Project("{FAE04EC0-301F-11D3-BF4B-00C04F79EFBC}") = "MessageClient", "MessageClient\MessageClient.csproj", "{4035C18D-BDDC-4195-9105-8B43BC62B035}"
	ProjectSection(ProjectDependencies) = postProject
		{6CA9275E-C707-48A5-B2DA-46DC0181E81B} = {6CA9275E-C707-48A5-B2DA-46DC0181E81B}
	EndProjectSection
EndProject
Global
	GlobalSection(SolutionConfigurationPlatforms) = preSolution
		Debug|Any CPU = Debug|Any CPU
		Release|Any CPU = Release|Any CPU
	EndGlobalSection
	GlobalSection(ProjectConfigurationPlatforms) = postSolution
		{6CA9275E-C707-48A5-B2DA-46DC0181E81B}.Debug|Any CPU.ActiveCfg = Debug|Any CPU
		{6CA9275E-C707-48A5-B2DA-46DC0181E81B}.Debug|Any CPU.Build.0 = Debug|Any CPU
		{6CA9275E-C707-48A5-B2DA-46DC0181E81B}.Release|Any CPU.ActiveCfg = Release|Any CPU
		{6CA9275E-C707-48A5-B2DA-46DC0181E81B}.Release|Any CPU.Build.0 = Release|Any CPU
		{4035C18D-BDDC-4195-9105-8B43BC62B035}.Debug|Any CPU.ActiveCfg = Debug|Any CPU
		{4035C18D-BDDC-4195-9105-8B43BC62B035}.Debug|Any CPU.Build.0 = Debug|Any CPU
		{4035C18D-BDDC-4195-9105-8B43BC62B035}.Release|Any CPU.ActiveCfg = Release|Any CPU
		{4035C18D-BDDC-4195-9105-8B43BC62B035}.Release|Any CPU.Build.0 = Release|Any CPU
	EndGlobalSection
	GlobalSection(SolutionProperties) = preSolution
		HideSolutionNode = FALSE
	EndGlobalSection
	GlobalSection(ExtensibilityGlobals) = postSolution
		SolutionGuid = {9BD79CFA-A71F-4AEF-99B1-BDB91027B5BF}
	EndGlobalSection
EndGlobal
